
Microsoft Visual Studio Solution File, Format Version 12.00
# Visual Studio Version 16
VisualStudioVersion = 16.0.30011.22
MinimumVisualStudioVersion = 10.0.40219.1
Project("{FAE04EC0-301F-11D3-BF4B-00C04F79EFBC}") = "CMPG223_Project", "CMPG223_Project\CMPG223_Project.csproj", "{299C7D2D-2C5D-4625-B355-EEE6230F3D4A}"
EndProject
Global
	GlobalSection(SolutionConfigurationPlatforms) = preSolution
		Debug|Any CPU = Debug|Any CPU
		Release|Any CPU = Release|Any CPU
	EndGlobalSection
	GlobalSection(ProjectConfigurationPlatforms) = postSolution
		{299C7D2D-2C5D-4625-B355-EEE6230F3D4A}.Debug|Any CPU.ActiveCfg = Debug|Any CPU
		{299C7D2D-2C5D-4625-B355-EEE6230F3D4A}.Debug|Any CPU.Build.0 = Debug|Any CPU
		{299C7D2D-2C5D-4625-B355-EEE6230F3D4A}.Release|Any CPU.ActiveCfg = Release|Any CPU
		{299C7D2D-2C5D-4625-B355-EEE6230F3D4A}.Release|Any CPU.Build.0 = Release|Any CPU
	EndGlobalSection
	GlobalSection(SolutionProperties) = preSolution
		HideSolutionNode = FALSE
	EndGlobalSection
	GlobalSection(ExtensibilityGlobals) = postSolution
		SolutionGuid = {6E5A4087-43F6-40D9-9797-8A03A231A478}
	EndGlobalSection
EndGlobal
